{
  "lockfileVersion": 1,
  "dependencies": {
    "foundation-sites": {
      "version": "https://registry.npmjs.org/foundation-sites/-/foundation-sites-6.3.1.tgz",
      "integrity": "sha1-I4Uzct65SAwTtCZJnq8Mj5DNvh0="
    },
    "jquery": {
      "version": "https://registry.npmjs.org/jquery/-/jquery-3.2.1.tgz",
      "integrity": "sha1-XE2d5lKvbNCncBVKYxu6ErAVx4c="
    },
    "sass": {
      "version": "1.0.0-beta.1",
      "resolved": "https://registry.npmjs.org/sass/-/sass-1.0.0-beta.1.tgz",
      "integrity": "sha1-0jbDqEpi3gwLgdeENf6DklzzMtQ="
    },
    "what-input": {
      "version": "https://registry.npmjs.org/what-input/-/what-input-4.2.0.tgz",
      "integrity": "sha1-pkOcwcmDWB6udR+sOssTm/PprLc="
    }
  }
}
